
Microsoft Visual Studio Solution File, Format Version 12.00
# Visual Studio Version 17
VisualStudioVersion = 17.13.35919.96
MinimumVisualStudioVersion = 10.0.40219.1
Project("{FAE04EC0-301F-11D3-BF4B-00C04F79EFBC}") = "Less.Utils", "Less.Utils\Less.Utils.csproj", "{B7ABFDAF-5C31-4985-9626-47A809490188}"
EndProject
Project("{FAE04EC0-301F-11D3-BF4B-00C04F79EFBC}") = "Less.Utils.WPF", "Less.Utils.WPF\Less.Utils.WPF.csproj", "{55ABA03E-53D7-470C-977B-50CFDFD1DD1A}"
EndProject
Project("{FAE04EC0-301F-11D3-BF4B-00C04F79EFBC}") = "Less.Utils.ResultExtensions", "Less.Utils.ResultExtensions\Less.Utils.ResultExtensions.csproj", "{7A3F140F-6BA0-3C1D-93CC-A3175A8B3613}"
EndProject
Project("{FAE04EC0-301F-11D3-BF4B-00C04F79EFBC}") = "Less.Utils.ResultExtensions.Test", "Less.Utils.ResultExtensions.Test\Less.Utils.ResultExtensions.Test.csproj", "{6EC6E9C5-36A3-F33F-D43F-516805142B7C}"
EndProject
Global
	GlobalSection(SolutionConfigurationPlatforms) = preSolution
		Debug|Any CPU = Debug|Any CPU
		Release|Any CPU = Release|Any CPU
	EndGlobalSection
	GlobalSection(ProjectConfigurationPlatforms) = postSolution
		{B7ABFDAF-5C31-4985-9626-47A809490188}.Debug|Any CPU.ActiveCfg = Debug|Any CPU
		{B7ABFDAF-5C31-4985-9626-47A809490188}.Debug|Any CPU.Build.0 = Debug|Any CPU
		{B7ABFDAF-5C31-4985-9626-47A809490188}.Release|Any CPU.ActiveCfg = Release|Any CPU
		{B7ABFDAF-5C31-4985-9626-47A809490188}.Release|Any CPU.Build.0 = Release|Any CPU
		{55ABA03E-53D7-470C-977B-50CFDFD1DD1A}.Debug|Any CPU.ActiveCfg = Debug|Any CPU
		{55ABA03E-53D7-470C-977B-50CFDFD1DD1A}.Debug|Any CPU.Build.0 = Debug|Any CPU
		{55ABA03E-53D7-470C-977B-50CFDFD1DD1A}.Release|Any CPU.ActiveCfg = Release|Any CPU
		{55ABA03E-53D7-470C-977B-50CFDFD1DD1A}.Release|Any CPU.Build.0 = Release|Any CPU
		{7A3F140F-6BA0-3C1D-93CC-A3175A8B3613}.Debug|Any CPU.ActiveCfg = Debug|Any CPU
		{7A3F140F-6BA0-3C1D-93CC-A3175A8B3613}.Debug|Any CPU.Build.0 = Debug|Any CPU
		{7A3F140F-6BA0-3C1D-93CC-A3175A8B3613}.Release|Any CPU.ActiveCfg = Release|Any CPU
		{7A3F140F-6BA0-3C1D-93CC-A3175A8B3613}.Release|Any CPU.Build.0 = Release|Any CPU
		{6EC6E9C5-36A3-F33F-D43F-516805142B7C}.Debug|Any CPU.ActiveCfg = Debug|Any CPU
		{6EC6E9C5-36A3-F33F-D43F-516805142B7C}.Debug|Any CPU.Build.0 = Debug|Any CPU
		{6EC6E9C5-36A3-F33F-D43F-516805142B7C}.Release|Any CPU.ActiveCfg = Release|Any CPU
		{6EC6E9C5-36A3-F33F-D43F-516805142B7C}.Release|Any CPU.Build.0 = Release|Any CPU
	EndGlobalSection
	GlobalSection(SolutionProperties) = preSolution
		HideSolutionNode = FALSE
	EndGlobalSection
	GlobalSection(ExtensibilityGlobals) = postSolution
		SolutionGuid = {A1F74494-0698-443D-A538-12E7E4F6B05F}
	EndGlobalSection
EndGlobal
