
Microsoft Visual Studio Solution File, Format Version 12.00
# Visual Studio Version 17
VisualStudioVersion = 17.13.35919.96
MinimumVisualStudioVersion = 10.0.40219.1
Project("{FAE04EC0-301F-11D3-BF4B-00C04F79EFBC}") = "Less.Utils", "Less.Utils\Less.Utils.csproj", "{B7ABFDAF-5C31-4985-9626-47A809490188}"
EndProject
Project("{FAE04EC0-301F-11D3-BF4B-00C04F79EFBC}") = "Less.Utils.WPF", "Less.Utils.WPF\Less.Utils.WPF.csproj", "{55ABA03E-53D7-470C-977B-50CFDFD1DD1A}"
EndProject
Project("{FAE04EC0-301F-11D3-BF4B-00C04F79EFBC}") = "Less.Utils.ResultExtensions", "Less.Utils.ResultExtensions\Less.Utils.ResultExtensions.csproj", "{3BB7BA52-513C-439E-8352-48072B48F2EC}"
EndProject
Project("{FAE04EC0-301F-11D3-BF4B-00C04F79EFBC}") = "Less.Utils.ResultExtensions.Test", "Less.Utils.ResultExtensions.Test\Less.Utils.ResultExtensions.Test.csproj", "{9407A76B-B8DB-4FE7-A244-253B17D2F155}"
EndProject
Global
	GlobalSection(SolutionConfigurationPlatforms) = preSolution
		Debug|Any CPU = Debug|Any CPU
		Release|Any CPU = Release|Any CPU
	EndGlobalSection
	GlobalSection(ProjectConfigurationPlatforms) = postSolution
		{B7ABFDAF-5C31-4985-9626-47A809490188}.Debug|Any CPU.ActiveCfg = Debug|Any CPU
		{B7ABFDAF-5C31-4985-9626-47A809490188}.Debug|Any CPU.Build.0 = Debug|Any CPU
		{B7ABFDAF-5C31-4985-9626-47A809490188}.Release|Any CPU.ActiveCfg = Release|Any CPU
		{B7ABFDAF-5C31-4985-9626-47A809490188}.Release|Any CPU.Build.0 = Release|Any CPU
		{55ABA03E-53D7-470C-977B-50CFDFD1DD1A}.Debug|Any CPU.ActiveCfg = Debug|Any CPU
		{55ABA03E-53D7-470C-977B-50CFDFD1DD1A}.Debug|Any CPU.Build.0 = Debug|Any CPU
		{55ABA03E-53D7-470C-977B-50CFDFD1DD1A}.Release|Any CPU.ActiveCfg = Release|Any CPU
		{55ABA03E-53D7-470C-977B-50CFDFD1DD1A}.Release|Any CPU.Build.0 = Release|Any CPU
		{3BB7BA52-513C-439E-8352-48072B48F2EC}.Debug|Any CPU.ActiveCfg = Debug|Any CPU
		{3BB7BA52-513C-439E-8352-48072B48F2EC}.Debug|Any CPU.Build.0 = Debug|Any CPU
		{3BB7BA52-513C-439E-8352-48072B48F2EC}.Release|Any CPU.ActiveCfg = Release|Any CPU
		{3BB7BA52-513C-439E-8352-48072B48F2EC}.Release|Any CPU.Build.0 = Release|Any CPU
		{9407A76B-B8DB-4FE7-A244-253B17D2F155}.Debug|Any CPU.ActiveCfg = Debug|Any CPU
		{9407A76B-B8DB-4FE7-A244-253B17D2F155}.Debug|Any CPU.Build.0 = Debug|Any CPU
		{9407A76B-B8DB-4FE7-A244-253B17D2F155}.Release|Any CPU.ActiveCfg = Release|Any CPU
		{9407A76B-B8DB-4FE7-A244-253B17D2F155}.Release|Any CPU.Build.0 = Release|Any CPU
	EndGlobalSection
	GlobalSection(SolutionProperties) = preSolution
		HideSolutionNode = FALSE
	EndGlobalSection
	GlobalSection(ExtensibilityGlobals) = postSolution
		SolutionGuid = {A1F74494-0698-443D-A538-12E7E4F6B05F}
	EndGlobalSection
EndGlobal
